
Microsoft Visual Studio Solution File, Format Version 12.00
# Visual Studio Version 16
VisualStudioVersion = 16.0.28922.388
MinimumVisualStudioVersion = 10.0.40219.1
Project("{FAE04EC0-301F-11D3-BF4B-00C04F79EFBC}") = "StringEqualityEthan", "StringEqualityEthan\StringEqualityEthan.csproj", "{6A41B14C-4012-4C14-BD09-CE0EF298B595}"
EndProject
Global
	GlobalSection(SolutionConfigurationPlatforms) = preSolution
		Debug|Any CPU = Debug|Any CPU
		Release|Any CPU = Release|Any CPU
	EndGlobalSection
	GlobalSection(ProjectConfigurationPlatforms) = postSolution
		{6A41B14C-4012-4C14-BD09-CE0EF298B595}.Debug|Any CPU.ActiveCfg = Debug|Any CPU
		{6A41B14C-4012-4C14-BD09-CE0EF298B595}.Debug|Any CPU.Build.0 = Debug|Any CPU
		{6A41B14C-4012-4C14-BD09-CE0EF298B595}.Release|Any CPU.ActiveCfg = Release|Any CPU
		{6A41B14C-4012-4C14-BD09-CE0EF298B595}.Release|Any CPU.Build.0 = Release|Any CPU
	EndGlobalSection
	GlobalSection(SolutionProperties) = preSolution
		HideSolutionNode = FALSE
	EndGlobalSection
	GlobalSection(ExtensibilityGlobals) = postSolution
		SolutionGuid = {92ACE98E-94F9-4195-A9BC-BF75387B2B05}
	EndGlobalSection
EndGlobal
