
Microsoft Visual Studio Solution File, Format Version 12.00
# Visual Studio Version 16
VisualStudioVersion = 16.0.29306.81
MinimumVisualStudioVersion = 10.0.40219.1
Project("{FAE04EC0-301F-11D3-BF4B-00C04F79EFBC}") = "FindMinValueEthanL", "FindMinValueEthanL\FindMinValueEthanL.csproj", "{1E665204-B525-45DF-8FC0-F169A10B86FC}"
EndProject
Global
	GlobalSection(SolutionConfigurationPlatforms) = preSolution
		Debug|Any CPU = Debug|Any CPU
		Release|Any CPU = Release|Any CPU
	EndGlobalSection
	GlobalSection(ProjectConfigurationPlatforms) = postSolution
		{1E665204-B525-45DF-8FC0-F169A10B86FC}.Debug|Any CPU.ActiveCfg = Debug|Any CPU
		{1E665204-B525-45DF-8FC0-F169A10B86FC}.Debug|Any CPU.Build.0 = Debug|Any CPU
		{1E665204-B525-45DF-8FC0-F169A10B86FC}.Release|Any CPU.ActiveCfg = Release|Any CPU
		{1E665204-B525-45DF-8FC0-F169A10B86FC}.Release|Any CPU.Build.0 = Release|Any CPU
	EndGlobalSection
	GlobalSection(SolutionProperties) = preSolution
		HideSolutionNode = FALSE
	EndGlobalSection
	GlobalSection(ExtensibilityGlobals) = postSolution
		SolutionGuid = {4AE9E57E-D684-4216-A643-FECD59FED110}
	EndGlobalSection
EndGlobal
